
Microsoft Visual Studio Solution File, Format Version 12.00
# Visual Studio Version 16
VisualStudioVersion = 16.0.30804.86
MinimumVisualStudioVersion = 10.0.40219.1
Project("{FAE04EC0-301F-11D3-BF4B-00C04F79EFBC}") = "PresentationExample", "PresentationExample.csproj", "{D70D4942-F60A-4C73-B0E6-013BCEAD267B}"
EndProject
Global
	GlobalSection(SolutionConfigurationPlatforms) = preSolution
		Debug|Any CPU = Debug|Any CPU
		Release|Any CPU = Release|Any CPU
	EndGlobalSection
	GlobalSection(ProjectConfigurationPlatforms) = postSolution
		{D70D4942-F60A-4C73-B0E6-013BCEAD267B}.Debug|Any CPU.ActiveCfg = Debug|Any CPU
		{D70D4942-F60A-4C73-B0E6-013BCEAD267B}.Debug|Any CPU.Build.0 = Debug|Any CPU
		{D70D4942-F60A-4C73-B0E6-013BCEAD267B}.Release|Any CPU.ActiveCfg = Release|Any CPU
		{D70D4942-F60A-4C73-B0E6-013BCEAD267B}.Release|Any CPU.Build.0 = Release|Any CPU
	EndGlobalSection
	GlobalSection(SolutionProperties) = preSolution
		HideSolutionNode = FALSE
	EndGlobalSection
	GlobalSection(ExtensibilityGlobals) = postSolution
		SolutionGuid = {44567EA8-3D80-4E54-89AB-032ABE30AD44}
	EndGlobalSection
EndGlobal
